
Microsoft Visual Studio Solution File, Format Version 11.00
# Visual Studio 2010
Project("{E24C65DC-7377-472B-9ABA-BC803B73C61A}") = "学生成绩管理系统", ".", "{BAE6D9FC-CCB8-4BDD-8885-E49E811BF0CD}"
	ProjectSection(WebsiteProperties) = preProject
		TargetFrameworkMoniker = ".NETFramework,Version%3Dv4.0"
		Debug.AspNetCompiler.VirtualPath = "/学生成绩管理系统"
		Debug.AspNetCompiler.PhysicalPath = "..\学生成绩管理系统\"
		Debug.AspNetCompiler.TargetPath = "PrecompiledWeb\学生成绩管理系统\"
		Debug.AspNetCompiler.Updateable = "true"
		Debug.AspNetCompiler.ForceOverwrite = "true"
		Debug.AspNetCompiler.FixedNames = "false"
		Debug.AspNetCompiler.Debug = "True"
		Release.AspNetCompiler.VirtualPath = "/学生成绩管理系统"
		Release.AspNetCompiler.PhysicalPath = "..\学生成绩管理系统\"
		Release.AspNetCompiler.TargetPath = "PrecompiledWeb\学生成绩管理系统\"
		Release.AspNetCompiler.Updateable = "true"
		Release.AspNetCompiler.ForceOverwrite = "true"
		Release.AspNetCompiler.FixedNames = "false"
		Release.AspNetCompiler.Debug = "False"
		VWDPort = "3767"
	EndProjectSection
EndProject
Global
	GlobalSection(SolutionConfigurationPlatforms) = preSolution
		Debug|Any CPU = Debug|Any CPU
	EndGlobalSection
	GlobalSection(ProjectConfigurationPlatforms) = postSolution
		{BAE6D9FC-CCB8-4BDD-8885-E49E811BF0CD}.Debug|Any CPU.ActiveCfg = Debug|Any CPU
		{BAE6D9FC-CCB8-4BDD-8885-E49E811BF0CD}.Debug|Any CPU.Build.0 = Debug|Any CPU
	EndGlobalSection
	GlobalSection(SolutionProperties) = preSolution
		HideSolutionNode = FALSE
	EndGlobalSection
EndGlobal
