
Microsoft Visual Studio Solution File, Format Version 12.00
# Visual Studio 2013
VisualStudioVersion = 12.0.21005.1
MinimumVisualStudioVersion = 10.0.40219.1
Project("{FAE04EC0-301F-11D3-BF4B-00C04F79EFBC}") = "MvcMusicStore", "MvcMusicStore\MvcMusicStore.csproj", "{108F5F68-7FDF-4737-B008-4345504FA180}"
EndProject
Global
	GlobalSection(SolutionConfigurationPlatforms) = preSolution
		Debug|Any CPU = Debug|Any CPU
		Release|Any CPU = Release|Any CPU
	EndGlobalSection
	GlobalSection(ProjectConfigurationPlatforms) = postSolution
		{108F5F68-7FDF-4737-B008-4345504FA180}.Debug|Any CPU.ActiveCfg = Debug|Any CPU
		{108F5F68-7FDF-4737-B008-4345504FA180}.Debug|Any CPU.Build.0 = Debug|Any CPU
		{108F5F68-7FDF-4737-B008-4345504FA180}.Release|Any CPU.ActiveCfg = Release|Any CPU
		{108F5F68-7FDF-4737-B008-4345504FA180}.Release|Any CPU.Build.0 = Release|Any CPU
	EndGlobalSection
	GlobalSection(SolutionProperties) = preSolution
		HideSolutionNode = FALSE
	EndGlobalSection
EndGlobal
